<?xml version="1.0" encoding="utf-8"?>
<Project ToolsVersion="4.0" xmlns="http://schemas.microsoft.com/developer/msbuild/2003">
  <ItemGroup>
    <Filter Include="ソース ファイル">
      <UniqueIdentifier>{4FC737F1-C7A5-4376-A066-2A32D752A2FF}</UniqueIdentifier>
      <Extensions>cpp;c;cc;cxx;c++;cppm;ixx;def;odl;idl;hpj;bat;asm;asmx</Extensions>
    </Filter>
    <Filter Include="ヘッダー ファイル">
      <UniqueIdentifier>{93995380-89BD-4b04-88EB-625FBE52EBFB}</UniqueIdentifier>
      <Extensions>h;hh;hpp;hxx;h++;hm;inl;inc;ipp;xsd</Extensions>
    </Filter>
    <Filter Include="リソース ファイル">
      <UniqueIdentifier>{67DA6AB6-F800-4c08-8B7A-83BB121AAD01}</UniqueIdentifier>
      <Extensions>rc;ico;cur;bmp;dlg;rc2;rct;bin;rgs;gif;jpg;jpeg;jpe;resx;tiff;tif;png;wav;mfcribbon-ms</Extensions>
    </Filter>
    <Filter Include="シェーダーファイル">
      <UniqueIdentifier>{7e5584a5-2895-4181-9eaf-f65622106b57}</UniqueIdentifier>
    </Filter>
    <Filter Include="ソース ファイル\2d">
      <UniqueIdentifier>{537e08b8-1a24-4a68-ba63-390bc9de4bd4}</UniqueIdentifier>
    </Filter>
    <Filter Include="ヘッダー ファイル\2d">
      <UniqueIdentifier>{ff896a07-277f-4747-8f28-4a510e5c3999}</UniqueIdentifier>
    </Filter>
    <Filter Include="ソース ファイル\3d">
      <UniqueIdentifier>{5d2f1efa-f76b-40e3-a5b7-048cb9e5b95c}</UniqueIdentifier>
    </Filter>
    <Filter Include="ソース ファイル\audio">
      <UniqueIdentifier>{981d874f-5011-470d-a462-1ba114d628b0}</UniqueIdentifier>
    </Filter>
    <Filter Include="ソース ファイル\input">
      <UniqueIdentifier>{c0031a4f-40e8-43a1-b88f-5a88b0312541}</UniqueIdentifier>
    </Filter>
    <Filter Include="ソース ファイル\scene">
      <UniqueIdentifier>{2f5a9880-d98f-485f-9b8e-0ebbff77f236}</UniqueIdentifier>
    </Filter>
    <Filter Include="ヘッダー ファイル\3d">
      <UniqueIdentifier>{417040fe-4dc7-4cf9-a0ee-3539637a63c5}</UniqueIdentifier>
    </Filter>
    <Filter Include="ヘッダー ファイル\audio">
      <UniqueIdentifier>{89fe623f-482e-4546-ae2b-811982e4707c}</UniqueIdentifier>
    </Filter>
    <Filter Include="ヘッダー ファイル\camera">
      <UniqueIdentifier>{ff92dc98-28c2-4d20-9366-5fdae46e5992}</UniqueIdentifier>
    </Filter>
    <Filter Include="ヘッダー ファイル\base">
      <UniqueIdentifier>{f1a09be4-f2ba-4bec-bc3b-bdc164b0b742}</UniqueIdentifier>
    </Filter>
    <Filter Include="ヘッダー ファイル\input">
      <UniqueIdentifier>{ed14f76c-54d8-4969-ade3-ddcf714e45ec}</UniqueIdentifier>
    </Filter>
    <Filter Include="ヘッダー ファイル\scene">
      <UniqueIdentifier>{28611136-88b6-4ccf-8589-b16c15456f92}</UniqueIdentifier>
    </Filter>
    <Filter Include="ソース ファイル\base">
      <UniqueIdentifier>{20a64847-ce61-495a-ac88-751c5128affc}</UniqueIdentifier>
    </Filter>
    <Filter Include="ソース ファイル\camera">
      <UniqueIdentifier>{a50d0565-e18d-485d-8826-6663adf15a4c}</UniqueIdentifier>
    </Filter>
    <Filter Include="ヘッダー ファイル\collision">
      <UniqueIdentifier>{c88c858a-8c4a-4484-b2aa-cac0d9cad35f}</UniqueIdentifier>
    </Filter>
  </ItemGroup>
  <ItemGroup>
    <ClCompile Include="main.cpp">
      <Filter>ソース ファイル</Filter>
    </ClCompile>
    <ClCompile Include="2d\DebugText.cpp">
      <Filter>ソース ファイル\2d</Filter>
    </ClCompile>
    <ClCompile Include="2d\Sprite.cpp">
      <Filter>ソース ファイル\2d</Filter>
    </ClCompile>
    <ClCompile Include="2d\SpriteCommon.cpp">
      <Filter>ソース ファイル\2d</Filter>
    </ClCompile>
    <ClCompile Include="3d\FbxModel.cpp">
      <Filter>ソース ファイル\3d</Filter>
    </ClCompile>
    <ClCompile Include="3d\FbxObject3d.cpp">
      <Filter>ソース ファイル\3d</Filter>
    </ClCompile>
    <ClCompile Include="3d\FbxLoader.cpp">
      <Filter>ソース ファイル\3d</Filter>
    </ClCompile>
    <ClCompile Include="3d\Model.cpp">
      <Filter>ソース ファイル\3d</Filter>
    </ClCompile>
    <ClCompile Include="3d\Object3d.cpp">
      <Filter>ソース ファイル\3d</Filter>
    </ClCompile>
    <ClCompile Include="2d\MultiRenderTarget.cpp">
      <Filter>ソース ファイル\2d</Filter>
    </ClCompile>
    <ClCompile Include="2d\MultiTexture.cpp">
      <Filter>ソース ファイル\2d</Filter>
    </ClCompile>
    <ClCompile Include="2d\PostEffect.cpp">
      <Filter>ソース ファイル\2d</Filter>
    </ClCompile>
    <ClCompile Include="audio\Audio.cpp">
      <Filter>ソース ファイル\audio</Filter>
    </ClCompile>
    <ClCompile Include="base\AbstractSceneFactory.cpp">
      <Filter>ソース ファイル\base</Filter>
    </ClCompile>
    <ClCompile Include="base\BaseScene.cpp">
      <Filter>ソース ファイル\base</Filter>
    </ClCompile>
    <ClCompile Include="base\DirectXcommon.cpp">
      <Filter>ソース ファイル\base</Filter>
    </ClCompile>
    <ClCompile Include="base\Framework.cpp">
      <Filter>ソース ファイル\base</Filter>
    </ClCompile>
    <ClCompile Include="base\IScene.cpp">
      <Filter>ソース ファイル\base</Filter>
    </ClCompile>
    <ClCompile Include="base\ObjectManager.cpp">
      <Filter>ソース ファイル\base</Filter>
    </ClCompile>
    <ClCompile Include="base\PipelineSet.cpp">
      <Filter>ソース ファイル\base</Filter>
    </ClCompile>
    <ClCompile Include="base\SampleGame.cpp">
      <Filter>ソース ファイル\base</Filter>
    </ClCompile>
    <ClCompile Include="base\SceneFactory.cpp">
      <Filter>ソース ファイル\base</Filter>
    </ClCompile>
    <ClCompile Include="base\SceneManager.cpp">
      <Filter>ソース ファイル\base</Filter>
    </ClCompile>
    <ClCompile Include="base\WinApp.cpp">
      <Filter>ソース ファイル\base</Filter>
    </ClCompile>
    <ClCompile Include="camera\Camera.cpp">
      <Filter>ソース ファイル\camera</Filter>
    </ClCompile>
    <ClCompile Include="camera\DebugCamera.cpp">
      <Filter>ソース ファイル\camera</Filter>
    </ClCompile>
    <ClCompile Include="input\Input.cpp">
      <Filter>ソース ファイル\input</Filter>
    </ClCompile>
    <ClCompile Include="scene\GamePlayScene.cpp">
      <Filter>ソース ファイル\scene</Filter>
    </ClCompile>
    <ClCompile Include="scene\TitleScene.cpp">
      <Filter>ソース ファイル\scene</Filter>
    </ClCompile>
    <ClCompile Include="2d\PostSprite.cpp">
      <Filter>ソース ファイル\2d</Filter>
    </ClCompile>
    <ClCompile Include="GameClear.cpp">
      <Filter>ソース ファイル</Filter>
    </ClCompile>
    <ClCompile Include="GameEnd.cpp">
      <Filter>ソース ファイル</Filter>
    </ClCompile>
    <ClCompile Include="GamePlayScene2.cpp">
      <Filter>ソース ファイル</Filter>
    </ClCompile>
    <ClCompile Include="Operation.cpp">
      <Filter>ソース ファイル</Filter>
    </ClCompile>
    <ClCompile Include="StageSelect.cpp">
      <Filter>ソース ファイル</Filter>
    </ClCompile>
    <ClCompile Include="3d\ParticleManager.cpp">
      <Filter>ソース ファイル</Filter>
    </ClCompile>
    <ClCompile Include="easing.cpp">
      <Filter>ソース ファイル</Filter>
    </ClCompile>
  </ItemGroup>
  <ItemGroup>
    <ClInclude Include="2d\DebugText.h">
      <Filter>ヘッダー ファイル\2d</Filter>
    </ClInclude>
    <ClInclude Include="2d\Sprite.h">
      <Filter>ヘッダー ファイル\2d</Filter>
    </ClInclude>
    <ClInclude Include="2d\SpriteCommon.h">
      <Filter>ヘッダー ファイル\2d</Filter>
    </ClInclude>
    <ClInclude Include="3d\FbxLoader.h">
      <Filter>ヘッダー ファイル\3d</Filter>
    </ClInclude>
    <ClInclude Include="3d\FbxModel.h">
      <Filter>ヘッダー ファイル\3d</Filter>
    </ClInclude>
    <ClInclude Include="3d\FbxObject3d.h">
      <Filter>ヘッダー ファイル\3d</Filter>
    </ClInclude>
    <ClInclude Include="3d\Model.h">
      <Filter>ヘッダー ファイル\3d</Filter>
    </ClInclude>
    <ClInclude Include="3d\Object3d.h">
      <Filter>ヘッダー ファイル\3d</Filter>
    </ClInclude>
    <ClInclude Include="2d\MultiRenderTarget.h">
      <Filter>ヘッダー ファイル\2d</Filter>
    </ClInclude>
    <ClInclude Include="2d\MultiTexture.h">
      <Filter>ヘッダー ファイル\2d</Filter>
    </ClInclude>
    <ClInclude Include="2d\PostEffect.h">
      <Filter>ヘッダー ファイル\2d</Filter>
    </ClInclude>
    <ClInclude Include="2d\PostSprite.h">
      <Filter>ヘッダー ファイル\2d</Filter>
    </ClInclude>
    <ClInclude Include="audio\Audio.h">
      <Filter>ヘッダー ファイル\audio</Filter>
    </ClInclude>
    <ClInclude Include="base\AbstractSceneFactory.h">
      <Filter>ヘッダー ファイル\base</Filter>
    </ClInclude>
    <ClInclude Include="base\BaseScene.h">
      <Filter>ヘッダー ファイル\base</Filter>
    </ClInclude>
    <ClInclude Include="base\DirectXcommon.h">
      <Filter>ヘッダー ファイル\base</Filter>
    </ClInclude>
    <ClInclude Include="base\Framework.h">
      <Filter>ヘッダー ファイル\base</Filter>
    </ClInclude>
    <ClInclude Include="base\IScene.h">
      <Filter>ヘッダー ファイル\base</Filter>
    </ClInclude>
    <ClInclude Include="base\ObjectManager.h">
      <Filter>ヘッダー ファイル\base</Filter>
    </ClInclude>
    <ClInclude Include="base\PipelineSet.h">
      <Filter>ヘッダー ファイル\base</Filter>
    </ClInclude>
    <ClInclude Include="base\SampleGame.h">
      <Filter>ヘッダー ファイル\base</Filter>
    </ClInclude>
    <ClInclude Include="base\SceneFactory.h">
      <Filter>ヘッダー ファイル\base</Filter>
    </ClInclude>
    <ClInclude Include="base\SceneManager.h">
      <Filter>ヘッダー ファイル\base</Filter>
    </ClInclude>
    <ClInclude Include="base\WinApp.h">
      <Filter>ヘッダー ファイル\base</Filter>
    </ClInclude>
    <ClInclude Include="camera\Camera.h">
      <Filter>ヘッダー ファイル\camera</Filter>
    </ClInclude>
    <ClInclude Include="camera\DebugCamera.h">
      <Filter>ヘッダー ファイル\camera</Filter>
    </ClInclude>
    <ClInclude Include="input\Input.h">
      <Filter>ヘッダー ファイル\input</Filter>
    </ClInclude>
    <ClInclude Include="scene\GamePlayScene.h">
      <Filter>ヘッダー ファイル\scene</Filter>
    </ClInclude>
    <ClInclude Include="scene\TitleScene.h">
      <Filter>ヘッダー ファイル\scene</Filter>
    </ClInclude>
    <ClInclude Include="Collision\Collision.h">
      <Filter>ヘッダー ファイル\collision</Filter>
    </ClInclude>
    <ClInclude Include="GameClear.h">
      <Filter>ヘッダー ファイル</Filter>
    </ClInclude>
    <ClInclude Include="GameEnd.h">
      <Filter>ヘッダー ファイル</Filter>
    </ClInclude>
    <ClInclude Include="GamePlayScene2.h">
      <Filter>ヘッダー ファイル</Filter>
    </ClInclude>
    <ClInclude Include="Operation.h">
      <Filter>ヘッダー ファイル</Filter>
    </ClInclude>
    <ClInclude Include="StageSelect.h">
      <Filter>ヘッダー ファイル</Filter>
    </ClInclude>
    <ClInclude Include="3d\ParticleManager.h">
      <Filter>ヘッダー ファイル</Filter>
    </ClInclude>
    <ClInclude Include="easing.h">
      <Filter>ヘッダー ファイル</Filter>
    </ClInclude>
  </ItemGroup>
  <ItemGroup>
    <None Include="Resources\shaders\Basic.hlsli">
      <Filter>リソース ファイル</Filter>
    </None>
    <None Include="Resources\shaders\Sprite.hlsli">
      <Filter>リソース ファイル</Filter>
    </None>
    <None Include="Resources\shaders\OBJShaderHeader.hlsli">
      <Filter>リソース ファイル</Filter>
    </None>
    <None Include="Resources\shaders\FBX.hlsli">
      <Filter>リソース ファイル</Filter>
    </None>
    <None Include="Resources\shaders\MultiTexture.hlsli">
      <Filter>リソース ファイル</Filter>
    </None>
    <None Include="Resources\shaders\PostEffectTest.hlsli">
      <Filter>リソース ファイル</Filter>
    </None>
    <None Include="Resources\shaders\Particle.hlsli">
      <Filter>リソース ファイル</Filter>
    </None>
  </ItemGroup>
  <ItemGroup>
    <FxCompile Include="Resources\shaders\BasicPS.hlsl">
      <Filter>リソース ファイル</Filter>
    </FxCompile>
    <FxCompile Include="Resources\shaders\BasicVS.hlsl">
      <Filter>リソース ファイル</Filter>
    </FxCompile>
    <FxCompile Include="Resources\shaders\SpritePS.hlsl">
      <Filter>リソース ファイル</Filter>
    </FxCompile>
    <FxCompile Include="Resources\shaders\SpriteVS.hlsl">
      <Filter>リソース ファイル</Filter>
    </FxCompile>
    <FxCompile Include="Resources\shaders\OBJPixelShader.hlsl">
      <Filter>リソース ファイル</Filter>
    </FxCompile>
    <FxCompile Include="Resources\shaders\OBJVertexShader.hlsl">
      <Filter>リソース ファイル</Filter>
    </FxCompile>
    <FxCompile Include="Resources\shaders\PostEffectTestVS.hlsl">
      <Filter>リソース ファイル</Filter>
    </FxCompile>
    <FxCompile Include="Resources\shaders\PostEffectTestPS.hlsl">
      <Filter>リソース ファイル</Filter>
    </FxCompile>
    <FxCompile Include="Resources\shaders\FBXPS.hlsl">
      <Filter>リソース ファイル</Filter>
    </FxCompile>
    <FxCompile Include="Resources\shaders\FBXVS.hlsl">
      <Filter>リソース ファイル</Filter>
    </FxCompile>
    <FxCompile Include="Resources\shaders\MultiTexturePS.hlsl">
      <Filter>リソース ファイル</Filter>
    </FxCompile>
    <FxCompile Include="Resources\shaders\MultiTextureVS.hlsl">
      <Filter>リソース ファイル</Filter>
    </FxCompile>
    <FxCompile Include="Resources\shaders\ParticleGS.hlsl">
      <Filter>リソース ファイル</Filter>
    </FxCompile>
    <FxCompile Include="Resources\shaders\ParticlePS.hlsl">
      <Filter>リソース ファイル</Filter>
    </FxCompile>
    <FxCompile Include="Resources\shaders\ParticleVS.hlsl">
      <Filter>リソース ファイル</Filter>
    </FxCompile>
  </ItemGroup>
</Project>